// !$*UTF8*$!
{
	archiveVersion = 1;
	classes = {
	};
	objectVersion = 46;
	objects = {

/* Begin PBXBuildFile section */
		C9AFBC431DCD998500C24F2F /* AppDelegate.swift in Sources */ = {isa = PBXBuildFile; fileRef = C9AFBC421DCD998500C24F2F /* AppDelegate.swift */; };
		C9AFBC451DCD998500C24F2F /* ViewController.swift in Sources */ = {isa = PBXBuildFile; fileRef = C9AFBC441DCD998500C24F2F /* ViewController.swift */; };
		C9AFBC481DCD998500C24F2F /* Main.storyboard in Resources */ = {isa = PBXBuildFile; fileRef = C9AFBC461DCD998500C24F2F /* Main.storyboard */; };
		C9AFBC4A1DCD998500C24F2F /* Assets.xcassets in Resources */ = {isa = PBXBuildFile; fileRef = C9AFBC491DCD998500C24F2F /* Assets.xcassets */; };
		C9AFBC4D1DCD998500C24F2F /* LaunchScreen.storyboard in Resources */ = {isa = PBXBuildFile; fileRef = C9AFBC4B1DCD998500C24F2F /* LaunchScreen.storyboard */; };
/* End PBXBuildFile section */

/* Begin PBXFileReference section */
		C9AFBC3F1DCD998500C24F2F /* Eventinator.app */ = {isa = PBXFileReference; explicitFileType = wrapper.application; includeInIndex = 0; path = Eventinator.app; sourceTree = BUILT_PRODUCTS_DIR; };
		C9AFBC421DCD998500C24F2F /* AppDelegate.swift */ = {isa = PBXFileReference; lastKnownFileType = sourcecode.swift; path = AppDelegate.swift; sourceTree = "<group>"; };
		C9AFBC441DCD998500C24F2F /* ViewController.swift */ = {isa = PBXFileReference; lastKnownFileType = sourcecode.swift; path = ViewController.swift; sourceTree = "<group>"; };
		C9AFBC471DCD998500C24F2F /* Base */ = {isa = PBXFileReference; lastKnownFileType = file.storyboard; name = Base; path = Base.lproj/Main.storyboard; sourceTree = "<group>"; };
		C9AFBC491DCD998500C24F2F /* Assets.xcassets */ = {isa = PBXFileReference; lastKnownFileType = folder.assetcatalog; path = Assets.xcassets; sourceTree = "<group>"; };
		C9AFBC4C1DCD998500C24F2F /* Base */ = {isa = PBXFileReference; lastKnownFileType = file.storyboard; name = Base; path = Base.lproj/LaunchScreen.storyboard; sourceTree = "<group>"; };
		C9AFBC4E1DCD998500C24F2F /* Info.plist */ = {isa = PBXFileReference; lastKnownFileType = text.plist.xml; path = Info.plist; sourceTree = "<group>"; };
/* End PBXFileReference section */

/* Begin PBXFrameworksBuildPhase section */
		C9AFBC3C1DCD998500C24F2F /* Frameworks */ = {
			isa = PBXFrameworksBuildPhase;
			buildActionMask = 2147483647;
			files = (
			);
			runOnlyForDeploymentPostprocessing = 0;
		};
/* End PBXFrameworksBuildPhase section */

/* Begin PBXGroup section */
		C9AFBC361DCD998500C24F2F = {
			isa = PBXGroup;
			children = (
				C9AFBC411DCD998500C24F2F /* Eventinator */,
				C9AFBC401DCD998500C24F2F /* Products */,
			);
			sourceTree = "<group>";
		};
		C9AFBC401DCD998500C24F2F /* Products */ = {
			isa = PBXGroup;
			children = (
				C9AFBC3F1DCD998500C24F2F /* Eventinator.app */,
			);
			name = Products;
			sourceTree = "<group>";
		};
		C9AFBC411DCD998500C24F2F /* Eventinator */ = {
			isa = PBXGroup;
			children = (
				C9AFBC421DCD998500C24F2F /* AppDelegate.swift */,
				C9AFBC441DCD998500C24F2F /* ViewController.swift */,
				C9AFBC461DCD998500C24F2F /* Main.storyboard */,
				C9AFBC491DCD998500C24F2F /* Assets.xcassets */,
				C9AFBC4B1DCD998500C24F2F /* LaunchScreen.storyboard */,
				C9AFBC4E1DCD998500C24F2F /* Info.plist */,
			);
			path = Eventinator;
			sourceTree = "<group>";
		};
/* End PBXGroup section */

/* Begin PBXNativeTarget section */
		C9AFBC3E1DCD998500C24F2F /* Eventinator */ = {
			isa = PBXNativeTarget;
			buildConfigurationList = C9AFBC511DCD998500C24F2F /* Build configuration list for PBXNativeTarget "Eventinator" */;
			buildPhases = (
				C9AFBC3B1DCD998500C24F2F /* Sources */,
				C9AFBC3C1DCD998500C24F2F /* Frameworks */,
				C9AFBC3D1DCD998500C24F2F /* Resources */,
			);
			buildRules = (
			);
			dependencies = (
			);
			name = Eventinator;
			productName = Eventinator;
			productReference = C9AFBC3F1DCD998500C24F2F /* Eventinator.app */;
			productType = "com.apple.product-type.application";
		};
/* End PBXNativeTarget section */

/* Begin PBXProject section */
		C9AFBC371DCD998500C24F2F /* Project object */ = {
			isa = PBXProject;
			attributes = {
				LastSwiftUpdateCheck = 0810;
				LastUpgradeCheck = 0810;
				ORGANIZATIONNAME = Eventinator;
				TargetAttributes = {
					C9AFBC3E1DCD998500C24F2F = {
						CreatedOnToolsVersion = 8.1;
						ProvisioningStyle = Automatic;
					};
				};
			};
			buildConfigurationList = C9AFBC3A1DCD998500C24F2F /* Build configuration list for PBXProject "Eventinator" */;
			compatibilityVersion = "Xcode 3.2";
			developmentRegion = English;
			hasScannedForEncodings = 0;
			knownRegions = (
				en,
				Base,
			);
			mainGroup = C9AFBC361DCD998500C24F2F;
			productRefGroup = C9AFBC401DCD998500C24F2F /* Products */;
			projectDirPath = "";
			projectRoot = "";
			targets = (
				C9AFBC3E1DCD998500C24F2F /* Eventinator */,
			);
		};
/* End PBXProject section */

/* Begin PBXResourcesBuildPhase section */
		C9AFBC3D1DCD998500C24F2F /* Resources */ = {
			isa = PBXResourcesBuildPhase;
			buildActionMask = 2147483647;
			files = (
				C9AFBC4D1DCD998500C24F2F /* LaunchScreen.storyboard in Resources */,
				C9AFBC4A1DCD998500C24F2F /* Assets.xcassets in Resources */,
				C9AFBC481DCD998500C24F2F /* Main.storyboard in Resources */,
			);
			runOnlyForDeploymentPostprocessing = 0;
		};
/* End PBXResourcesBuildPhase section */

/* Begin PBXSourcesBuildPhase section */
		C9AFBC3B1DCD998500C24F2F /* Sources */ = {
			isa = PBXSourcesBuildPhase;
			buildActionMask = 2147483647;
			files = (
				C9AFBC451DCD998500C24F2F /* ViewController.swift in Sources */,
				C9AFBC431DCD998500C24F2F /* AppDelegate.swift in Sources */,
			);
			runOnlyForDeploymentPostprocessing = 0;
		};
/* End PBXSourcesBuildPhase section */

/* Begin PBXVariantGroup section */
		C9AFBC461DCD998500C24F2F /* Main.storyboard */ = {
			isa = PBXVariantGroup;
			children = (
				C9AFBC471DCD998500C24F2F /* Base */,
			);
			name = Main.storyboard;
			sourceTree = "<group>";
		};
		C9AFBC4B1DCD998500C24F2F /* LaunchScreen.storyboard */ = {
			isa = PBXVariantGroup;
			children = (
				C9AFBC4C1DCD998500C24F2F /* Base */,
			);
			name = LaunchScreen.storyboard;
			sourceTree = "<group>";
		};
/* End PBXVariantGroup section */

/* Begin XCBuildConfiguration section */
		C9AFBC4F1DCD998500C24F2F /* Debug */ = {
			isa = XCBuildConfiguration;
			buildSettings = {
				ALWAYS_SEARCH_USER_PATHS = NO;
				CLANG_ANALYZER_NONNULL = YES;
				CLANG_CXX_LANGUAGE_STANDARD = "gnu++0x";
				CLANG_CXX_LIBRARY = "libc++";
				CLANG_ENABLE_MODULES = YES;
				CLANG_ENABLE_OBJC_ARC = YES;
				CLANG_WARN_BOOL_CONVERSION = YES;
				CLANG_WARN_CONSTANT_CONVERSION = YES;
				CLANG_WARN_DIRECT_OBJC_ISA_USAGE = YES_ERROR;
				CLANG_WARN_DOCUMENTATION_COMMENTS = YES;
				CLANG_WARN_EMPTY_BODY = YES;
				CLANG_WARN_ENUM_CONVERSION = YES;
				CLANG_WARN_INFINITE_RECURSION = YES;
				CLANG_WARN_INT_CONVERSION = YES;
				CLANG_WARN_OBJC_ROOT_CLASS = YES_ERROR;
				CLANG_WARN_SUSPICIOUS_MOVES = YES;
				CLANG_WARN_UNREACHABLE_CODE = YES;
				CLANG_WARN__DUPLICATE_METHOD_MATCH = YES;
				"CODE_SIGN_IDENTITY[sdk=iphoneos*]" = "iPhone Developer";
				COPY_PHASE_STRIP = NO;
				DEBUG_INFORMATION_FORMAT = dwarf;
				ENABLE_STRICT_OBJC_MSGSEND = YES;
				ENABLE_TESTABILITY = YES;
				GCC_C_LANGUAGE_STANDARD = gnu99;
				GCC_DYNAMIC_NO_PIC = NO;
				GCC_NO_COMMON_BLOCKS = YES;
				GCC_OPTIMIZATION_LEVEL = 0;
				GCC_PREPROCESSOR_DEFINITIONS = (
					"DEBUG=1",
					"$(inherited)",
				);
				GCC_WARN_64_TO_32_BIT_CONVERSION = YES;
				GCC_WARN_ABOUT_RETURN_TYPE = YES_ERROR;
				GCC_WARN_UNDECLARED_SELECTOR = YES;
				GCC_WARN_UNINITIALIZED_AUTOS = YES_AGGRESSIVE;
				GCC_WARN_UNUSED_FUNCTION = YES;
				GCC_WARN_UNUSED_VARIABLE = YES;
				IPHONEOS_DEPLOYMENT_TARGET = 10.1;
				MTL_ENABLE_DEBUG_INFO = YES;
				ONLY_ACTIVE_ARCH = YES;
				SDKROOT = iphoneos;
				SWIFT_ACTIVE_COMPILATION_CONDITIONS = DEBUG;
				SWIFT_OPTIMIZATION_LEVEL = "-Onone";
			};
			name = Debug;
		};
		C9AFBC501DCD998500C24F2F /* Release */ = {
			isa = XCBuildConfiguration;
			buildSettings = {
				ALWAYS_SEARCH_USER_PATHS = NO;
				CLANG_ANALYZER_NONNULL = YES;
				CLANG_CXX_LANGUAGE_STANDARD = "gnu++0x";
				CLANG_CXX_LIBRARY = "libc++";
				CLANG_ENABLE_MODULES = YES;
				CLANG_ENABLE_OBJC_ARC = YES;
				CLANG_WARN_BOOL_CONVERSION = YES;
				CLANG_WARN_CONSTANT_CONVERSION = YES;
				CLANG_WARN_DIRECT_OBJC_ISA_USAGE = YES_ERROR;
				CLANG_WARN_DOCUMENTATION_COMMENTS = YES;
				CLANG_WARN_EMPTY_BODY = YES;
				CLANG_WARN_ENUM_CONVERSION = YES;
				CLANG_WARN_INFINITE_RECURSION = YES;
				CLANG_WARN_INT_CONVERSION = YES;
				CLANG_WARN_OBJC_ROOT_CLASS = YES_ERROR;
				CLANG_WARN_SUSPICIOUS_MOVES = YES;
				CLANG_WARN_UNREACHABLE_CODE = YES;
				CLANG_WARN__DUPLICATE_METHOD_MATCH = YES;
				"CODE_SIGN_IDENTITY[sdk=iphoneos*]" = "iPhone Developer";
				COPY_PHASE_STRIP = NO;
				DEBUG_INFORMATION_FORMAT = "dwarf-with-dsym";
				ENABLE_NS_ASSERTIONS = NO;
				ENABLE_STRICT_OBJC_MSGSEND = YES;
				GCC_C_LANGUAGE_STANDARD = gnu99;
				GCC_NO_COMMON_BLOCKS = YES;
				GCC_WARN_64_TO_32_BIT_CONVERSION = YES;
				GCC_WARN_ABOUT_RETURN_TYPE = YES_ERROR;
				GCC_WARN_UNDECLARED_SELECTOR = YES;
				GCC_WARN_UNINITIALIZED_AUTOS = YES_AGGRESSIVE;
				GCC_WARN_UNUSED_FUNCTION = YES;
				GCC_WARN_UNUSED_VARIABLE = YES;
				IPHONEOS_DEPLOYMENT_TARGET = 10.1;
				MTL_ENABLE_DEBUG_INFO = NO;
				SDKROOT = iphoneos;
				SWIFT_OPTIMIZATION_LEVEL = "-Owholemodule";
				VALIDATE_PRODUCT = YES;
			};
			name = Release;
		};
		C9AFBC521DCD998500C24F2F /* Debug */ = {
			isa = XCBuildConfiguration;
			buildSettings = {
				ASSETCATALOG_COMPILER_APPICON_NAME = AppIcon;
				INFOPLIST_FILE = Eventinator/Info.plist;
				LD_RUNPATH_SEARCH_PATHS = "$(inherited) @executable_path/Frameworks";
				PRODUCT_BUNDLE_IDENTIFIER = eventinator.xxx.Eventinator;
				PRODUCT_NAME = "$(TARGET_NAME)";
				SWIFT_VERSION = 3.0;
			};
			name = Debug;
		};
		C9AFBC531DCD998500C24F2F /* Release */ = {
			isa = XCBuildConfiguration;
			buildSettings = {
				ASSETCATALOG_COMPILER_APPICON_NAME = AppIcon;
				INFOPLIST_FILE = Eventinator/Info.plist;
				LD_RUNPATH_SEARCH_PATHS = "$(inherited) @executable_path/Frameworks";
				PRODUCT_BUNDLE_IDENTIFIER = eventinator.xxx.Eventinator;
				PRODUCT_NAME = "$(TARGET_NAME)";
				SWIFT_VERSION = 3.0;
			};
			name = Release;
		};
/* End XCBuildConfiguration section */

/* Begin XCConfigurationList section */
		C9AFBC3A1DCD998500C24F2F /* Build configuration list for PBXProject "Eventinator" */ = {
			isa = XCConfigurationList;
			buildConfigurations = (
				C9AFBC4F1DCD998500C24F2F /* Debug */,
				C9AFBC501DCD998500C24F2F /* Release */,
			);
			defaultConfigurationIsVisible = 0;
			defaultConfigurationName = Release;
		};
		C9AFBC511DCD998500C24F2F /* Build configuration list for PBXNativeTarget "Eventinator" */ = {
			isa = XCConfigurationList;
			buildConfigurations = (
				C9AFBC521DCD998500C24F2F /* Debug */,
				C9AFBC531DCD998500C24F2F /* Release */,
			);
			defaultConfigurationIsVisible = 0;
		};
/* End XCConfigurationList section */
	};
	rootObject = C9AFBC371DCD998500C24F2F /* Project object */;
}
