// !$*UTF8*$!
{
	archiveVersion = 1;
	classes = {
	};
	objectVersion = 46;
	objects = {

/* Begin PBXBuildFile section */
		4FCE98F6D55902D547EF51AD /* Pods_Lineup.framework in Frameworks */ = {isa = PBXBuildFile; fileRef = 4F9E12DB1AC2EFFD234CC00F /* Pods_Lineup.framework */; };
		C9AFBC431DCD998500C24F2F /* AppDelegate.swift in Sources */ = {isa = PBXBuildFile; fileRef = C9AFBC421DCD998500C24F2F /* AppDelegate.swift */; };
		C9AFBC481DCD998500C24F2F /* Main.storyboard in Resources */ = {isa = PBXBuildFile; fileRef = C9AFBC461DCD998500C24F2F /* Main.storyboard */; };
		C9AFBC4A1DCD998500C24F2F /* Assets.xcassets in Resources */ = {isa = PBXBuildFile; fileRef = C9AFBC491DCD998500C24F2F /* Assets.xcassets */; };
		C9AFBC4D1DCD998500C24F2F /* LaunchScreen.storyboard in Resources */ = {isa = PBXBuildFile; fileRef = C9AFBC4B1DCD998500C24F2F /* LaunchScreen.storyboard */; };
		C9F774E81DD77EED0080D242 /* LineupClient.swift in Sources */ = {isa = PBXBuildFile; fileRef = C9F774E71DD77EED0080D242 /* LineupClient.swift */; };
		C9F774EA1DD77F020080D242 /* EventbriteClient.swift in Sources */ = {isa = PBXBuildFile; fileRef = C9F774E91DD77F020080D242 /* EventbriteClient.swift */; };
		C9F774EC1DD77F1C0080D242 /* Event.swift in Sources */ = {isa = PBXBuildFile; fileRef = C9F774EB1DD77F1C0080D242 /* Event.swift */; };
		C9F774EE1DD7AAF00080D242 /* Category.swift in Sources */ = {isa = PBXBuildFile; fileRef = C9F774ED1DD7AAF00080D242 /* Category.swift */; };
		C9F774F01DD7AB000080D242 /* User.swift in Sources */ = {isa = PBXBuildFile; fileRef = C9F774EF1DD7AB000080D242 /* User.swift */; };
		C9F774F41DD7AB330080D242 /* Ticket.swift in Sources */ = {isa = PBXBuildFile; fileRef = C9F774F31DD7AB330080D242 /* Ticket.swift */; };
		C9F774F61DD7AB420080D242 /* Location.swift in Sources */ = {isa = PBXBuildFile; fileRef = C9F774F51DD7AB420080D242 /* Location.swift */; };
		C9F774F81DD7AD370080D242 /* Source.swift in Sources */ = {isa = PBXBuildFile; fileRef = C9F774F71DD7AD370080D242 /* Source.swift */; };
		FC4F32861DD31001003A686E /* DiscoverViewController.swift in Sources */ = {isa = PBXBuildFile; fileRef = FC4F32851DD31001003A686E /* DiscoverViewController.swift */; };
		FC4F32881DD31010003A686E /* SavedViewController.swift in Sources */ = {isa = PBXBuildFile; fileRef = FC4F32871DD31010003A686E /* SavedViewController.swift */; };
		FC4F328A1DD3101C003A686E /* ProfileViewController.swift in Sources */ = {isa = PBXBuildFile; fileRef = FC4F32891DD3101C003A686E /* ProfileViewController.swift */; };
/* End PBXBuildFile section */

/* Begin PBXFileReference section */
		4F9E12DB1AC2EFFD234CC00F /* Pods_Lineup.framework */ = {isa = PBXFileReference; explicitFileType = wrapper.framework; includeInIndex = 0; path = Pods_Lineup.framework; sourceTree = BUILT_PRODUCTS_DIR; };
		5102524B05C2AED03C18D283 /* Pods-Lineup.release.xcconfig */ = {isa = PBXFileReference; includeInIndex = 1; lastKnownFileType = text.xcconfig; name = "Pods-Lineup.release.xcconfig"; path = "Pods/Target Support Files/Pods-Lineup/Pods-Lineup.release.xcconfig"; sourceTree = "<group>"; };
		C9AFBC3F1DCD998500C24F2F /* Lineup.app */ = {isa = PBXFileReference; explicitFileType = wrapper.application; includeInIndex = 0; path = Lineup.app; sourceTree = BUILT_PRODUCTS_DIR; };
		C9AFBC421DCD998500C24F2F /* AppDelegate.swift */ = {isa = PBXFileReference; lastKnownFileType = sourcecode.swift; path = AppDelegate.swift; sourceTree = "<group>"; };
		C9AFBC471DCD998500C24F2F /* Base */ = {isa = PBXFileReference; lastKnownFileType = file.storyboard; name = Base; path = Base.lproj/Main.storyboard; sourceTree = "<group>"; };
		C9AFBC491DCD998500C24F2F /* Assets.xcassets */ = {isa = PBXFileReference; lastKnownFileType = folder.assetcatalog; path = Assets.xcassets; sourceTree = "<group>"; };
		C9AFBC4C1DCD998500C24F2F /* Base */ = {isa = PBXFileReference; lastKnownFileType = file.storyboard; name = Base; path = Base.lproj/LaunchScreen.storyboard; sourceTree = "<group>"; };
		C9AFBC4E1DCD998500C24F2F /* Info.plist */ = {isa = PBXFileReference; lastKnownFileType = text.plist.xml; path = Info.plist; sourceTree = "<group>"; };
		C9F774E71DD77EED0080D242 /* LineupClient.swift */ = {isa = PBXFileReference; fileEncoding = 4; lastKnownFileType = sourcecode.swift; name = LineupClient.swift; path = Clients/LineupClient.swift; sourceTree = "<group>"; };
		C9F774E91DD77F020080D242 /* EventbriteClient.swift */ = {isa = PBXFileReference; fileEncoding = 4; lastKnownFileType = sourcecode.swift; name = EventbriteClient.swift; path = Clients/EventbriteClient.swift; sourceTree = "<group>"; };
		C9F774EB1DD77F1C0080D242 /* Event.swift */ = {isa = PBXFileReference; fileEncoding = 4; lastKnownFileType = sourcecode.swift; name = Event.swift; path = Models/Event.swift; sourceTree = "<group>"; };
		C9F774ED1DD7AAF00080D242 /* Category.swift */ = {isa = PBXFileReference; fileEncoding = 4; lastKnownFileType = sourcecode.swift; name = Category.swift; path = Models/Category.swift; sourceTree = "<group>"; };
		C9F774EF1DD7AB000080D242 /* User.swift */ = {isa = PBXFileReference; fileEncoding = 4; lastKnownFileType = sourcecode.swift; name = User.swift; path = Models/User.swift; sourceTree = "<group>"; };
		C9F774F31DD7AB330080D242 /* Ticket.swift */ = {isa = PBXFileReference; fileEncoding = 4; lastKnownFileType = sourcecode.swift; name = Ticket.swift; path = Models/Ticket.swift; sourceTree = "<group>"; };
		C9F774F51DD7AB420080D242 /* Location.swift */ = {isa = PBXFileReference; fileEncoding = 4; lastKnownFileType = sourcecode.swift; name = Location.swift; path = Models/Location.swift; sourceTree = "<group>"; };
		C9F774F71DD7AD370080D242 /* Source.swift */ = {isa = PBXFileReference; fileEncoding = 4; lastKnownFileType = sourcecode.swift; name = Source.swift; path = Models/Source.swift; sourceTree = "<group>"; };
		D8B1C7EB99626103FA0FDF76 /* Pods-Lineup.debug.xcconfig */ = {isa = PBXFileReference; includeInIndex = 1; lastKnownFileType = text.xcconfig; name = "Pods-Lineup.debug.xcconfig"; path = "Pods/Target Support Files/Pods-Lineup/Pods-Lineup.debug.xcconfig"; sourceTree = "<group>"; };
		FC4F32851DD31001003A686E /* DiscoverViewController.swift */ = {isa = PBXFileReference; fileEncoding = 4; lastKnownFileType = sourcecode.swift; path = DiscoverViewController.swift; sourceTree = "<group>"; };
		FC4F32871DD31010003A686E /* SavedViewController.swift */ = {isa = PBXFileReference; fileEncoding = 4; lastKnownFileType = sourcecode.swift; path = SavedViewController.swift; sourceTree = "<group>"; };
		FC4F32891DD3101C003A686E /* ProfileViewController.swift */ = {isa = PBXFileReference; fileEncoding = 4; lastKnownFileType = sourcecode.swift; path = ProfileViewController.swift; sourceTree = "<group>"; };
/* End PBXFileReference section */

/* Begin PBXFrameworksBuildPhase section */
		C9AFBC3C1DCD998500C24F2F /* Frameworks */ = {
			isa = PBXFrameworksBuildPhase;
			buildActionMask = 2147483647;
			files = (
				4FCE98F6D55902D547EF51AD /* Pods_Lineup.framework in Frameworks */,
			);
			runOnlyForDeploymentPostprocessing = 0;
		};
/* End PBXFrameworksBuildPhase section */

/* Begin PBXGroup section */
		4A812D0CA23FEF5104838E2A /* Pods */ = {
			isa = PBXGroup;
			children = (
				D8B1C7EB99626103FA0FDF76 /* Pods-Lineup.debug.xcconfig */,
				5102524B05C2AED03C18D283 /* Pods-Lineup.release.xcconfig */,
			);
			name = Pods;
			sourceTree = "<group>";
		};
		698DF31B0BB048BBAA8C74A0 /* Frameworks */ = {
			isa = PBXGroup;
			children = (
				4F9E12DB1AC2EFFD234CC00F /* Pods_Lineup.framework */,
			);
			name = Frameworks;
			sourceTree = "<group>";
		};
		C9AFBC361DCD998500C24F2F = {
			isa = PBXGroup;
			children = (
				C9AFBC411DCD998500C24F2F /* Lineup */,
				C9AFBC401DCD998500C24F2F /* Products */,
				4A812D0CA23FEF5104838E2A /* Pods */,
				698DF31B0BB048BBAA8C74A0 /* Frameworks */,
			);
			sourceTree = "<group>";
		};
		C9AFBC401DCD998500C24F2F /* Products */ = {
			isa = PBXGroup;
			children = (
				C9AFBC3F1DCD998500C24F2F /* Lineup.app */,
			);
			name = Products;
			sourceTree = "<group>";
		};
		C9AFBC411DCD998500C24F2F /* Lineup */ = {
			isa = PBXGroup;
			children = (
				C9F774E61DD77ECB0080D242 /* Clients */,
				C9F774E51DD77EBE0080D242 /* Models */,
				FC4F32841DD30FCC003A686E /* View Controllers */,
				C9AFBC421DCD998500C24F2F /* AppDelegate.swift */,
				C9AFBC461DCD998500C24F2F /* Main.storyboard */,
				C9AFBC491DCD998500C24F2F /* Assets.xcassets */,
				C9AFBC4B1DCD998500C24F2F /* LaunchScreen.storyboard */,
				C9AFBC4E1DCD998500C24F2F /* Info.plist */,
			);
			name = Lineup;
			path = Eventinator;
			sourceTree = "<group>";
		};
		C9F774E51DD77EBE0080D242 /* Models */ = {
			isa = PBXGroup;
			children = (
				C9F774EB1DD77F1C0080D242 /* Event.swift */,
				C9F774ED1DD7AAF00080D242 /* Category.swift */,
				C9F774EF1DD7AB000080D242 /* User.swift */,
				C9F774F31DD7AB330080D242 /* Ticket.swift */,
				C9F774F51DD7AB420080D242 /* Location.swift */,
				C9F774F71DD7AD370080D242 /* Source.swift */,
			);
			name = Models;
			sourceTree = "<group>";
		};
		C9F774E61DD77ECB0080D242 /* Clients */ = {
			isa = PBXGroup;
			children = (
				C9F774E71DD77EED0080D242 /* LineupClient.swift */,
				C9F774E91DD77F020080D242 /* EventbriteClient.swift */,
			);
			name = Clients;
			sourceTree = "<group>";
		};
		FC4F32841DD30FCC003A686E /* View Controllers */ = {
			isa = PBXGroup;
			children = (
				FC4F32851DD31001003A686E /* DiscoverViewController.swift */,
				FC4F32871DD31010003A686E /* SavedViewController.swift */,
				FC4F32891DD3101C003A686E /* ProfileViewController.swift */,
			);
			name = "View Controllers";
			sourceTree = "<group>";
		};
/* End PBXGroup section */

/* Begin PBXNativeTarget section */
		C9AFBC3E1DCD998500C24F2F /* Lineup */ = {
			isa = PBXNativeTarget;
			buildConfigurationList = C9AFBC511DCD998500C24F2F /* Build configuration list for PBXNativeTarget "Lineup" */;
			buildPhases = (
				322EB808A36148F7D74CDC59 /* [CP] Check Pods Manifest.lock */,
				C9AFBC3B1DCD998500C24F2F /* Sources */,
				C9AFBC3C1DCD998500C24F2F /* Frameworks */,
				C9AFBC3D1DCD998500C24F2F /* Resources */,
				4F32451C94F3859ABC6D2BD8 /* [CP] Embed Pods Frameworks */,
				3F042571940D45DB838A61C1 /* [CP] Copy Pods Resources */,
			);
			buildRules = (
			);
			dependencies = (
			);
			name = Lineup;
			productName = Eventinator;
			productReference = C9AFBC3F1DCD998500C24F2F /* Lineup.app */;
			productType = "com.apple.product-type.application";
		};
/* End PBXNativeTarget section */

/* Begin PBXProject section */
		C9AFBC371DCD998500C24F2F /* Project object */ = {
			isa = PBXProject;
			attributes = {
				LastSwiftUpdateCheck = 0810;
				LastUpgradeCheck = 0810;
				ORGANIZATIONNAME = Eventinator;
				TargetAttributes = {
					C9AFBC3E1DCD998500C24F2F = {
						CreatedOnToolsVersion = 8.1;
						DevelopmentTeam = VR6478DQKS;
						ProvisioningStyle = Automatic;
					};
				};
			};
			buildConfigurationList = C9AFBC3A1DCD998500C24F2F /* Build configuration list for PBXProject "Lineup" */;
			compatibilityVersion = "Xcode 3.2";
			developmentRegion = English;
			hasScannedForEncodings = 0;
			knownRegions = (
				en,
				Base,
			);
			mainGroup = C9AFBC361DCD998500C24F2F;
			productRefGroup = C9AFBC401DCD998500C24F2F /* Products */;
			projectDirPath = "";
			projectRoot = "";
			targets = (
				C9AFBC3E1DCD998500C24F2F /* Lineup */,
			);
		};
/* End PBXProject section */

/* Begin PBXResourcesBuildPhase section */
		C9AFBC3D1DCD998500C24F2F /* Resources */ = {
			isa = PBXResourcesBuildPhase;
			buildActionMask = 2147483647;
			files = (
				C9AFBC4D1DCD998500C24F2F /* LaunchScreen.storyboard in Resources */,
				C9AFBC4A1DCD998500C24F2F /* Assets.xcassets in Resources */,
				C9AFBC481DCD998500C24F2F /* Main.storyboard in Resources */,
			);
			runOnlyForDeploymentPostprocessing = 0;
		};
/* End PBXResourcesBuildPhase section */

/* Begin PBXShellScriptBuildPhase section */
		322EB808A36148F7D74CDC59 /* [CP] Check Pods Manifest.lock */ = {
			isa = PBXShellScriptBuildPhase;
			buildActionMask = 2147483647;
			files = (
			);
			inputPaths = (
			);
			name = "[CP] Check Pods Manifest.lock";
			outputPaths = (
			);
			runOnlyForDeploymentPostprocessing = 0;
			shellPath = /bin/sh;
			shellScript = "diff \"${PODS_ROOT}/../Podfile.lock\" \"${PODS_ROOT}/Manifest.lock\" > /dev/null\nif [ $? != 0 ] ; then\n    # print error to STDERR\n    echo \"error: The sandbox is not in sync with the Podfile.lock. Run 'pod install' or update your CocoaPods installation.\" >&2\n    exit 1\nfi\n";
			showEnvVarsInLog = 0;
		};
		3F042571940D45DB838A61C1 /* [CP] Copy Pods Resources */ = {
			isa = PBXShellScriptBuildPhase;
			buildActionMask = 2147483647;
			files = (
			);
			inputPaths = (
			);
			name = "[CP] Copy Pods Resources";
			outputPaths = (
			);
			runOnlyForDeploymentPostprocessing = 0;
			shellPath = /bin/sh;
			shellScript = "\"${SRCROOT}/Pods/Target Support Files/Pods-Lineup/Pods-Lineup-resources.sh\"\n";
			showEnvVarsInLog = 0;
		};
		4F32451C94F3859ABC6D2BD8 /* [CP] Embed Pods Frameworks */ = {
			isa = PBXShellScriptBuildPhase;
			buildActionMask = 2147483647;
			files = (
			);
			inputPaths = (
			);
			name = "[CP] Embed Pods Frameworks";
			outputPaths = (
			);
			runOnlyForDeploymentPostprocessing = 0;
			shellPath = /bin/sh;
			shellScript = "\"${SRCROOT}/Pods/Target Support Files/Pods-Lineup/Pods-Lineup-frameworks.sh\"\n";
			showEnvVarsInLog = 0;
		};
/* End PBXShellScriptBuildPhase section */

/* Begin PBXSourcesBuildPhase section */
		C9AFBC3B1DCD998500C24F2F /* Sources */ = {
			isa = PBXSourcesBuildPhase;
			buildActionMask = 2147483647;
			files = (
				C9F774F41DD7AB330080D242 /* Ticket.swift in Sources */,
				C9F774EC1DD77F1C0080D242 /* Event.swift in Sources */,
				C9F774EA1DD77F020080D242 /* EventbriteClient.swift in Sources */,
				FC4F32861DD31001003A686E /* DiscoverViewController.swift in Sources */,
				C9F774E81DD77EED0080D242 /* LineupClient.swift in Sources */,
				FC4F328A1DD3101C003A686E /* ProfileViewController.swift in Sources */,
				C9F774F01DD7AB000080D242 /* User.swift in Sources */,
				FC4F32881DD31010003A686E /* SavedViewController.swift in Sources */,
				C9F774F81DD7AD370080D242 /* Source.swift in Sources */,
				C9AFBC431DCD998500C24F2F /* AppDelegate.swift in Sources */,
				C9F774EE1DD7AAF00080D242 /* Category.swift in Sources */,
				C9F774F61DD7AB420080D242 /* Location.swift in Sources */,
			);
			runOnlyForDeploymentPostprocessing = 0;
		};
/* End PBXSourcesBuildPhase section */

/* Begin PBXVariantGroup section */
		C9AFBC461DCD998500C24F2F /* Main.storyboard */ = {
			isa = PBXVariantGroup;
			children = (
				C9AFBC471DCD998500C24F2F /* Base */,
			);
			name = Main.storyboard;
			sourceTree = "<group>";
		};
		C9AFBC4B1DCD998500C24F2F /* LaunchScreen.storyboard */ = {
			isa = PBXVariantGroup;
			children = (
				C9AFBC4C1DCD998500C24F2F /* Base */,
			);
			name = LaunchScreen.storyboard;
			sourceTree = "<group>";
		};
/* End PBXVariantGroup section */

/* Begin XCBuildConfiguration section */
		C9AFBC4F1DCD998500C24F2F /* Debug */ = {
			isa = XCBuildConfiguration;
			buildSettings = {
				ALWAYS_SEARCH_USER_PATHS = NO;
				CLANG_ANALYZER_NONNULL = YES;
				CLANG_CXX_LANGUAGE_STANDARD = "gnu++0x";
				CLANG_CXX_LIBRARY = "libc++";
				CLANG_ENABLE_MODULES = YES;
				CLANG_ENABLE_OBJC_ARC = YES;
				CLANG_WARN_BOOL_CONVERSION = YES;
				CLANG_WARN_CONSTANT_CONVERSION = YES;
				CLANG_WARN_DIRECT_OBJC_ISA_USAGE = YES_ERROR;
				CLANG_WARN_DOCUMENTATION_COMMENTS = YES;
				CLANG_WARN_EMPTY_BODY = YES;
				CLANG_WARN_ENUM_CONVERSION = YES;
				CLANG_WARN_INFINITE_RECURSION = YES;
				CLANG_WARN_INT_CONVERSION = YES;
				CLANG_WARN_OBJC_ROOT_CLASS = YES_ERROR;
				CLANG_WARN_SUSPICIOUS_MOVE = YES;
				CLANG_WARN_SUSPICIOUS_MOVES = YES;
				CLANG_WARN_UNREACHABLE_CODE = YES;
				CLANG_WARN__DUPLICATE_METHOD_MATCH = YES;
				"CODE_SIGN_IDENTITY[sdk=iphoneos*]" = "iPhone Developer";
				COPY_PHASE_STRIP = NO;
				DEBUG_INFORMATION_FORMAT = dwarf;
				ENABLE_STRICT_OBJC_MSGSEND = YES;
				ENABLE_TESTABILITY = YES;
				GCC_C_LANGUAGE_STANDARD = gnu99;
				GCC_DYNAMIC_NO_PIC = NO;
				GCC_NO_COMMON_BLOCKS = YES;
				GCC_OPTIMIZATION_LEVEL = 0;
				GCC_PREPROCESSOR_DEFINITIONS = (
					"DEBUG=1",
					"$(inherited)",
				);
				GCC_WARN_64_TO_32_BIT_CONVERSION = YES;
				GCC_WARN_ABOUT_RETURN_TYPE = YES_ERROR;
				GCC_WARN_UNDECLARED_SELECTOR = YES;
				GCC_WARN_UNINITIALIZED_AUTOS = YES_AGGRESSIVE;
				GCC_WARN_UNUSED_FUNCTION = YES;
				GCC_WARN_UNUSED_VARIABLE = YES;
				IPHONEOS_DEPLOYMENT_TARGET = 10.1;
				MTL_ENABLE_DEBUG_INFO = YES;
				ONLY_ACTIVE_ARCH = YES;
				SDKROOT = iphoneos;
				SWIFT_ACTIVE_COMPILATION_CONDITIONS = DEBUG;
				SWIFT_OPTIMIZATION_LEVEL = "-Onone";
			};
			name = Debug;
		};
		C9AFBC501DCD998500C24F2F /* Release */ = {
			isa = XCBuildConfiguration;
			buildSettings = {
				ALWAYS_SEARCH_USER_PATHS = NO;
				CLANG_ANALYZER_NONNULL = YES;
				CLANG_CXX_LANGUAGE_STANDARD = "gnu++0x";
				CLANG_CXX_LIBRARY = "libc++";
				CLANG_ENABLE_MODULES = YES;
				CLANG_ENABLE_OBJC_ARC = YES;
				CLANG_WARN_BOOL_CONVERSION = YES;
				CLANG_WARN_CONSTANT_CONVERSION = YES;
				CLANG_WARN_DIRECT_OBJC_ISA_USAGE = YES_ERROR;
				CLANG_WARN_DOCUMENTATION_COMMENTS = YES;
				CLANG_WARN_EMPTY_BODY = YES;
				CLANG_WARN_ENUM_CONVERSION = YES;
				CLANG_WARN_INFINITE_RECURSION = YES;
				CLANG_WARN_INT_CONVERSION = YES;
				CLANG_WARN_OBJC_ROOT_CLASS = YES_ERROR;
				CLANG_WARN_SUSPICIOUS_MOVE = YES;
				CLANG_WARN_SUSPICIOUS_MOVES = YES;
				CLANG_WARN_UNREACHABLE_CODE = YES;
				CLANG_WARN__DUPLICATE_METHOD_MATCH = YES;
				"CODE_SIGN_IDENTITY[sdk=iphoneos*]" = "iPhone Developer";
				COPY_PHASE_STRIP = NO;
				DEBUG_INFORMATION_FORMAT = "dwarf-with-dsym";
				ENABLE_NS_ASSERTIONS = NO;
				ENABLE_STRICT_OBJC_MSGSEND = YES;
				GCC_C_LANGUAGE_STANDARD = gnu99;
				GCC_NO_COMMON_BLOCKS = YES;
				GCC_WARN_64_TO_32_BIT_CONVERSION = YES;
				GCC_WARN_ABOUT_RETURN_TYPE = YES_ERROR;
				GCC_WARN_UNDECLARED_SELECTOR = YES;
				GCC_WARN_UNINITIALIZED_AUTOS = YES_AGGRESSIVE;
				GCC_WARN_UNUSED_FUNCTION = YES;
				GCC_WARN_UNUSED_VARIABLE = YES;
				IPHONEOS_DEPLOYMENT_TARGET = 10.1;
				MTL_ENABLE_DEBUG_INFO = NO;
				SDKROOT = iphoneos;
				SWIFT_OPTIMIZATION_LEVEL = "-Owholemodule";
				VALIDATE_PRODUCT = YES;
			};
			name = Release;
		};
		C9AFBC521DCD998500C24F2F /* Debug */ = {
			isa = XCBuildConfiguration;
			baseConfigurationReference = D8B1C7EB99626103FA0FDF76 /* Pods-Lineup.debug.xcconfig */;
			buildSettings = {
				ALWAYS_EMBED_SWIFT_STANDARD_LIBRARIES = YES;
				ASSETCATALOG_COMPILER_APPICON_NAME = AppIcon;
				DEVELOPMENT_TEAM = VR6478DQKS;
				INFOPLIST_FILE = Eventinator/Info.plist;
				IPHONEOS_DEPLOYMENT_TARGET = 10.0;
				LD_RUNPATH_SEARCH_PATHS = "$(inherited) @executable_path/Frameworks";
				PRODUCT_BUNDLE_IDENTIFIER = eventinator.xxx.Eventinator;
				PRODUCT_NAME = "$(TARGET_NAME)";
				SWIFT_VERSION = 3.0;
			};
			name = Debug;
		};
		C9AFBC531DCD998500C24F2F /* Release */ = {
			isa = XCBuildConfiguration;
			baseConfigurationReference = 5102524B05C2AED03C18D283 /* Pods-Lineup.release.xcconfig */;
			buildSettings = {
				ALWAYS_EMBED_SWIFT_STANDARD_LIBRARIES = YES;
				ASSETCATALOG_COMPILER_APPICON_NAME = AppIcon;
				DEVELOPMENT_TEAM = VR6478DQKS;
				INFOPLIST_FILE = Eventinator/Info.plist;
				IPHONEOS_DEPLOYMENT_TARGET = 10.0;
				LD_RUNPATH_SEARCH_PATHS = "$(inherited) @executable_path/Frameworks";
				PRODUCT_BUNDLE_IDENTIFIER = eventinator.xxx.Eventinator;
				PRODUCT_NAME = "$(TARGET_NAME)";
				SWIFT_VERSION = 3.0;
			};
			name = Release;
		};
/* End XCBuildConfiguration section */

/* Begin XCConfigurationList section */
		C9AFBC3A1DCD998500C24F2F /* Build configuration list for PBXProject "Lineup" */ = {
			isa = XCConfigurationList;
			buildConfigurations = (
				C9AFBC4F1DCD998500C24F2F /* Debug */,
				C9AFBC501DCD998500C24F2F /* Release */,
			);
			defaultConfigurationIsVisible = 0;
			defaultConfigurationName = Release;
		};
		C9AFBC511DCD998500C24F2F /* Build configuration list for PBXNativeTarget "Lineup" */ = {
			isa = XCConfigurationList;
			buildConfigurations = (
				C9AFBC521DCD998500C24F2F /* Debug */,
				C9AFBC531DCD998500C24F2F /* Release */,
			);
			defaultConfigurationIsVisible = 0;
			defaultConfigurationName = Release;
		};
/* End XCConfigurationList section */
	};
	rootObject = C9AFBC371DCD998500C24F2F /* Project object */;
}
